
Microsoft Visual Studio Solution File, Format Version 12.00
# Visual Studio 15
Project("{FAE04EC0-301F-11D3-BF4B-00C04F79EFBC}") = "WebApi", "WebApi.csproj", "{A45CC916-36BD-4C17-AED5-A6B1EE4DFDA9}"
EndProject
Global
	GlobalSection(SolutionConfigurationPlatforms) = preSolution
		Debug|Any CPU = Debug|Any CPU
		Release|Any CPU = Release|Any CPU
	EndGlobalSection
	GlobalSection(ProjectConfigurationPlatforms) = postSolution
		{A45CC916-36BD-4C17-AED5-A6B1EE4DFDA9}.Debug|Any CPU.ActiveCfg = Debug|Any CPU
		{A45CC916-36BD-4C17-AED5-A6B1EE4DFDA9}.Debug|Any CPU.Build.0 = Debug|Any CPU
		{A45CC916-36BD-4C17-AED5-A6B1EE4DFDA9}.Release|Any CPU.ActiveCfg = Release|Any CPU
		{A45CC916-36BD-4C17-AED5-A6B1EE4DFDA9}.Release|Any CPU.Build.0 = Release|Any CPU
	EndGlobalSection
EndGlobal
